
Microsoft Visual Studio Solution File, Format Version 12.00
# Visual Studio Version 17
VisualStudioVersion = 17.11.35327.3
MinimumVisualStudioVersion = 10.0.40219.1
Project("{FAE04EC0-301F-11D3-BF4B-00C04F79EFBC}") = "DotNet_Project", "DotNet_Project\DotNet_Project.csproj", "{BF66A747-7688-4247-8E3B-B88044FC9616}"
EndProject
Global
	GlobalSection(SolutionConfigurationPlatforms) = preSolution
		Debug|Any CPU = Debug|Any CPU
		Release|Any CPU = Release|Any CPU
	EndGlobalSection
	GlobalSection(ProjectConfigurationPlatforms) = postSolution
		{BF66A747-7688-4247-8E3B-B88044FC9616}.Debug|Any CPU.ActiveCfg = Debug|Any CPU
		{BF66A747-7688-4247-8E3B-B88044FC9616}.Debug|Any CPU.Build.0 = Debug|Any CPU
		{BF66A747-7688-4247-8E3B-B88044FC9616}.Release|Any CPU.ActiveCfg = Release|Any CPU
		{BF66A747-7688-4247-8E3B-B88044FC9616}.Release|Any CPU.Build.0 = Release|Any CPU
	EndGlobalSection
	GlobalSection(SolutionProperties) = preSolution
		HideSolutionNode = FALSE
	EndGlobalSection
	GlobalSection(ExtensibilityGlobals) = postSolution
		SolutionGuid = {F45282FE-F8B0-47AA-9EE8-6D6FC97EE7BF}
	EndGlobalSection
EndGlobal
