
Microsoft Visual Studio Solution File, Format Version 12.00
# Visual Studio Version 17
VisualStudioVersion = 17.10.34916.146
MinimumVisualStudioVersion = 10.0.40219.1
Project("{FAE04EC0-301F-11D3-BF4B-00C04F79EFBC}") = "PharmaEase", "PharmaEase\PharmaEase.csproj", "{25CE1E47-9BF4-4CB7-80B9-FA40C7568E2A}"
EndProject
Global
	GlobalSection(SolutionConfigurationPlatforms) = preSolution
		Debug|Any CPU = Debug|Any CPU
		Release|Any CPU = Release|Any CPU
	EndGlobalSection
	GlobalSection(ProjectConfigurationPlatforms) = postSolution
		{25CE1E47-9BF4-4CB7-80B9-FA40C7568E2A}.Debug|Any CPU.ActiveCfg = Debug|Any CPU
		{25CE1E47-9BF4-4CB7-80B9-FA40C7568E2A}.Debug|Any CPU.Build.0 = Debug|Any CPU
		{25CE1E47-9BF4-4CB7-80B9-FA40C7568E2A}.Release|Any CPU.ActiveCfg = Release|Any CPU
		{25CE1E47-9BF4-4CB7-80B9-FA40C7568E2A}.Release|Any CPU.Build.0 = Release|Any CPU
	EndGlobalSection
	GlobalSection(SolutionProperties) = preSolution
		HideSolutionNode = FALSE
	EndGlobalSection
	GlobalSection(ExtensibilityGlobals) = postSolution
		SolutionGuid = {B71495B7-B6DB-4292-97BA-525A442CE17F}
	EndGlobalSection
EndGlobal
